
Microsoft Visual Studio Solution File, Format Version 12.00
# Visual Studio Version 17
VisualStudioVersion = 17.6.33712.159
MinimumVisualStudioVersion = 10.0.40219.1
Project("{FAE04EC0-301F-11D3-BF4B-00C04F79EFBC}") = "Lab3", "Lab3.csproj", "{D87EB3AB-2749-4E46-9420-D4BA6A1B4515}"
EndProject
Global
	GlobalSection(SolutionConfigurationPlatforms) = preSolution
		Debug|Any CPU = Debug|Any CPU
		Release|Any CPU = Release|Any CPU
	EndGlobalSection
	GlobalSection(ProjectConfigurationPlatforms) = postSolution
		{D87EB3AB-2749-4E46-9420-D4BA6A1B4515}.Debug|Any CPU.ActiveCfg = Debug|Any CPU
		{D87EB3AB-2749-4E46-9420-D4BA6A1B4515}.Debug|Any CPU.Build.0 = Debug|Any CPU
		{D87EB3AB-2749-4E46-9420-D4BA6A1B4515}.Release|Any CPU.ActiveCfg = Release|Any CPU
		{D87EB3AB-2749-4E46-9420-D4BA6A1B4515}.Release|Any CPU.Build.0 = Release|Any CPU
	EndGlobalSection
	GlobalSection(SolutionProperties) = preSolution
		HideSolutionNode = FALSE
	EndGlobalSection
	GlobalSection(ExtensibilityGlobals) = postSolution
		SolutionGuid = {B12887C3-533C-48F1-A938-212CAE5D8835}
	EndGlobalSection
EndGlobal
