
Microsoft Visual Studio Solution File, Format Version 12.00
# Visual Studio Version 17
VisualStudioVersion = 17.6.33712.159
MinimumVisualStudioVersion = 10.0.40219.1
Project("{FAE04EC0-301F-11D3-BF4B-00C04F79EFBC}") = "Lab6", "Lab6.csproj", "{29714E2F-9751-4AF8-B214-674ADC7284E2}"
EndProject
Global
	GlobalSection(SolutionConfigurationPlatforms) = preSolution
		Debug|Any CPU = Debug|Any CPU
		Release|Any CPU = Release|Any CPU
	EndGlobalSection
	GlobalSection(ProjectConfigurationPlatforms) = postSolution
		{29714E2F-9751-4AF8-B214-674ADC7284E2}.Debug|Any CPU.ActiveCfg = Debug|Any CPU
		{29714E2F-9751-4AF8-B214-674ADC7284E2}.Debug|Any CPU.Build.0 = Debug|Any CPU
		{29714E2F-9751-4AF8-B214-674ADC7284E2}.Release|Any CPU.ActiveCfg = Release|Any CPU
		{29714E2F-9751-4AF8-B214-674ADC7284E2}.Release|Any CPU.Build.0 = Release|Any CPU
	EndGlobalSection
	GlobalSection(SolutionProperties) = preSolution
		HideSolutionNode = FALSE
	EndGlobalSection
	GlobalSection(ExtensibilityGlobals) = postSolution
		SolutionGuid = {2227725B-8A20-4FFC-A2AA-A3D6DF9F0C31}
	EndGlobalSection
EndGlobal
